
Microsoft Visual Studio Solution File, Format Version 12.00
# Visual Studio Version 17
VisualStudioVersion = 17.2.32616.157
MinimumVisualStudioVersion = 10.0.40219.1
Project("{FAE04EC0-301F-11D3-BF4B-00C04F79EFBC}") = "WorkforceManagmentRelationshipTask4", "WorkforceManagmentRelationshipTask4\WorkforceManagmentRelationshipTask4.csproj", "{AAB192E1-42B2-4535-9011-D7D05BC2A03F}"
EndProject
Global
	GlobalSection(SolutionConfigurationPlatforms) = preSolution
		Debug|Any CPU = Debug|Any CPU
		Release|Any CPU = Release|Any CPU
	EndGlobalSection
	GlobalSection(ProjectConfigurationPlatforms) = postSolution
		{AAB192E1-42B2-4535-9011-D7D05BC2A03F}.Debug|Any CPU.ActiveCfg = Debug|Any CPU
		{AAB192E1-42B2-4535-9011-D7D05BC2A03F}.Debug|Any CPU.Build.0 = Debug|Any CPU
		{AAB192E1-42B2-4535-9011-D7D05BC2A03F}.Release|Any CPU.ActiveCfg = Release|Any CPU
		{AAB192E1-42B2-4535-9011-D7D05BC2A03F}.Release|Any CPU.Build.0 = Release|Any CPU
	EndGlobalSection
	GlobalSection(SolutionProperties) = preSolution
		HideSolutionNode = FALSE
	EndGlobalSection
	GlobalSection(ExtensibilityGlobals) = postSolution
		SolutionGuid = {4D6266B8-6731-4514-8F61-AC8CC0855F22}
	EndGlobalSection
EndGlobal
